<?xml version="1.0" encoding="utf-8"?>
<Project ToolsVersion="17.0" xmlns="http://schemas.microsoft.com/developer/msbuild/2003">
  <ItemGroup>
    <ClCompile Include="C:\SSD\GitProject\MarinaioDrone\include\airsim_control.cpp">
      <Filter>Source Files</Filter>
    </ClCompile>
    <ClCompile Include="C:\SSD\GitProject\MarinaioDrone\include\cgal_tools.cpp">
      <Filter>Source Files</Filter>
    </ClCompile>
    <ClCompile Include="C:\SSD\GitProject\MarinaioDrone\include\common_util.cpp">
      <Filter>Source Files</Filter>
    </ClCompile>
    <ClCompile Include="C:\SSD\GitProject\MarinaioDrone\include\ibs.cpp">
      <Filter>Source Files</Filter>
    </ClCompile>
    <ClCompile Include="C:\SSD\GitProject\MarinaioDrone\include\intersection_tools.cpp">
      <Filter>Source Files</Filter>
    </ClCompile>
    <ClCompile Include="C:\SSD\GitProject\MarinaioDrone\include\map_util.cpp">
      <Filter>Source Files</Filter>
    </ClCompile>
    <ClCompile Include="C:\SSD\GitProject\MarinaioDrone\include\metrics.cpp">
      <Filter>Source Files</Filter>
    </ClCompile>
    <ClCompile Include="C:\SSD\GitProject\MarinaioDrone\include\model_tools.cpp">
      <Filter>Source Files</Filter>
    </ClCompile>
    <ClCompile Include="C:\SSD\GitProject\MarinaioDrone\include\object_detection_tools.cpp">
      <Filter>Source Files</Filter>
    </ClCompile>
    <ClCompile Include="C:\SSD\GitProject\MarinaioDrone\include\trajectory.cpp">
      <Filter>Source Files</Filter>
    </ClCompile>
  </ItemGroup>
  <ItemGroup>
    <ClInclude Include="C:\SSD\GitProject\MarinaioDrone\include\airsim_control.h">
      <Filter>Header Files</Filter>
    </ClInclude>
    <ClInclude Include="C:\SSD\GitProject\MarinaioDrone\include\cgal_tools.h">
      <Filter>Header Files</Filter>
    </ClInclude>
    <ClInclude Include="C:\SSD\GitProject\MarinaioDrone\include\common_util.h">
      <Filter>Header Files</Filter>
    </ClInclude>
    <ClInclude Include="C:\SSD\GitProject\MarinaioDrone\include\ibs.h">
      <Filter>Header Files</Filter>
    </ClInclude>
    <ClInclude Include="C:\SSD\GitProject\MarinaioDrone\include\icp.h">
      <Filter>Header Files</Filter>
    </ClInclude>
    <ClInclude Include="C:\SSD\GitProject\MarinaioDrone\include\intersection_tools.h">
      <Filter>Header Files</Filter>
    </ClInclude>
    <ClInclude Include="C:\SSD\GitProject\MarinaioDrone\include\map_util.h">
      <Filter>Header Files</Filter>
    </ClInclude>
    <ClInclude Include="C:\SSD\GitProject\MarinaioDrone\include\metrics.h">
      <Filter>Header Files</Filter>
    </ClInclude>
    <ClInclude Include="C:\SSD\GitProject\MarinaioDrone\include\model_tools.h">
      <Filter>Header Files</Filter>
    </ClInclude>
    <ClInclude Include="C:\SSD\GitProject\MarinaioDrone\include\object_detection_tools.h">
      <Filter>Header Files</Filter>
    </ClInclude>
    <ClInclude Include="C:\SSD\GitProject\MarinaioDrone\include\trajectory.h">
      <Filter>Header Files</Filter>
    </ClInclude>
    <ClInclude Include="C:\SSD\GitProject\MarinaioDrone\include\viewpoint.h">
      <Filter>Header Files</Filter>
    </ClInclude>
    <ClInclude Include="C:\SSD\GitProject\MarinaioDrone\include\viz_base.h">
      <Filter>Header Files</Filter>
    </ClInclude>
  </ItemGroup>
  <ItemGroup>
    <CustomBuild Include="C:\SSD\GitProject\MarinaioDrone\CMakeLists.txt" />
  </ItemGroup>
  <ItemGroup>
    <Filter Include="Header Files">
      <UniqueIdentifier>{42973B92-33B1-3294-AC9D-591CFE50AFC8}</UniqueIdentifier>
    </Filter>
    <Filter Include="Source Files">
      <UniqueIdentifier>{34A35CBE-3052-3F36-934D-51B43A133011}</UniqueIdentifier>
    </Filter>
  </ItemGroup>
</Project>
