
Microsoft Visual Studio Solution File, Format Version 12.00
# Visual Studio Version 17
Project("{8BC9CEB8-8B4A-11D0-8D11-00A0C91BC942}") = "ALL_BUILD", "ALL_BUILD.vcxproj", "{9A9984A7-92C2-3981-A0C6-F0204EF8DD68}"
	ProjectSection(ProjectDependencies) = postProject
		{4C6C7817-FE5A-3F34-BAE7-00E8C0F94931} = {4C6C7817-FE5A-3F34-BAE7-00E8C0F94931}
		{13CA1C76-10F5-3D8D-9156-62E59A81A2AE} = {13CA1C76-10F5-3D8D-9156-62E59A81A2AE}
	EndProjectSection
EndProject
Project("{8BC9CEB8-8B4A-11D0-8D11-00A0C91BC942}") = "AMarinaioDrone", "..\..\\AMarinaioDrone.vcxproj", "{0CD4A389-E262-3B8E-BBDC-B2B783147133}"
	ProjectSection(ProjectDependencies) = postProject
		{DF33748A-220B-3954-8A03-ADF230E3ADB9} = {DF33748A-220B-3954-8A03-ADF230E3ADB9}
		{443EE872-3B73-305A-92BC-B52A9C302EC7} = {443EE872-3B73-305A-92BC-B52A9C302EC7}
		{13CA1C76-10F5-3D8D-9156-62E59A81A2AE} = {13CA1C76-10F5-3D8D-9156-62E59A81A2AE}
	EndProjectSection
EndProject
Project("{8BC9CEB8-8B4A-11D0-8D11-00A0C91BC942}") = "CGAL_Qt5_moc_and_resources", "..\..\\CGAL_Qt5_moc_and_resources.vcxproj", "{DF33748A-220B-3954-8A03-ADF230E3ADB9}"
	ProjectSection(ProjectDependencies) = postProject
		{13CA1C76-10F5-3D8D-9156-62E59A81A2AE} = {13CA1C76-10F5-3D8D-9156-62E59A81A2AE}
	EndProjectSection
EndProject
Project("{8BC9CEB8-8B4A-11D0-8D11-00A0C91BC942}") = "PathPlanning", "PathPlanning.vcxproj", "{4C6C7817-FE5A-3F34-BAE7-00E8C0F94931}"
	ProjectSection(ProjectDependencies) = postProject
		{0CD4A389-E262-3B8E-BBDC-B2B783147133} = {0CD4A389-E262-3B8E-BBDC-B2B783147133}
		{DF33748A-220B-3954-8A03-ADF230E3ADB9} = {DF33748A-220B-3954-8A03-ADF230E3ADB9}
		{443EE872-3B73-305A-92BC-B52A9C302EC7} = {443EE872-3B73-305A-92BC-B52A9C302EC7}
		{13CA1C76-10F5-3D8D-9156-62E59A81A2AE} = {13CA1C76-10F5-3D8D-9156-62E59A81A2AE}
	EndProjectSection
EndProject
Project("{8BC9CEB8-8B4A-11D0-8D11-00A0C91BC942}") = "Voro", "..\voro\Voro.vcxproj", "{443EE872-3B73-305A-92BC-B52A9C302EC7}"
	ProjectSection(ProjectDependencies) = postProject
		{13CA1C76-10F5-3D8D-9156-62E59A81A2AE} = {13CA1C76-10F5-3D8D-9156-62E59A81A2AE}
	EndProjectSection
EndProject
Project("{8BC9CEB8-8B4A-11D0-8D11-00A0C91BC942}") = "ZERO_CHECK", "..\..\\ZERO_CHECK.vcxproj", "{13CA1C76-10F5-3D8D-9156-62E59A81A2AE}"
	ProjectSection(ProjectDependencies) = postProject
	EndProjectSection
EndProject
Global
	GlobalSection(SolutionConfigurationPlatforms) = preSolution
		Debug|x64 = Debug|x64
		Release|x64 = Release|x64
		MinSizeRel|x64 = MinSizeRel|x64
		RelWithDebInfo|x64 = RelWithDebInfo|x64
	EndGlobalSection
	GlobalSection(ProjectConfigurationPlatforms) = postSolution
		{9A9984A7-92C2-3981-A0C6-F0204EF8DD68}.Debug|x64.ActiveCfg = Debug|x64
		{9A9984A7-92C2-3981-A0C6-F0204EF8DD68}.Release|x64.ActiveCfg = Release|x64
		{9A9984A7-92C2-3981-A0C6-F0204EF8DD68}.MinSizeRel|x64.ActiveCfg = MinSizeRel|x64
		{9A9984A7-92C2-3981-A0C6-F0204EF8DD68}.RelWithDebInfo|x64.ActiveCfg = RelWithDebInfo|x64
		{0CD4A389-E262-3B8E-BBDC-B2B783147133}.Debug|x64.ActiveCfg = Debug|x64
		{0CD4A389-E262-3B8E-BBDC-B2B783147133}.Debug|x64.Build.0 = Debug|x64
		{0CD4A389-E262-3B8E-BBDC-B2B783147133}.Release|x64.ActiveCfg = Release|x64
		{0CD4A389-E262-3B8E-BBDC-B2B783147133}.Release|x64.Build.0 = Release|x64
		{0CD4A389-E262-3B8E-BBDC-B2B783147133}.MinSizeRel|x64.ActiveCfg = MinSizeRel|x64
		{0CD4A389-E262-3B8E-BBDC-B2B783147133}.MinSizeRel|x64.Build.0 = MinSizeRel|x64
		{0CD4A389-E262-3B8E-BBDC-B2B783147133}.RelWithDebInfo|x64.ActiveCfg = RelWithDebInfo|x64
		{0CD4A389-E262-3B8E-BBDC-B2B783147133}.RelWithDebInfo|x64.Build.0 = RelWithDebInfo|x64
		{DF33748A-220B-3954-8A03-ADF230E3ADB9}.Debug|x64.ActiveCfg = Debug|x64
		{DF33748A-220B-3954-8A03-ADF230E3ADB9}.Debug|x64.Build.0 = Debug|x64
		{DF33748A-220B-3954-8A03-ADF230E3ADB9}.Release|x64.ActiveCfg = Release|x64
		{DF33748A-220B-3954-8A03-ADF230E3ADB9}.Release|x64.Build.0 = Release|x64
		{DF33748A-220B-3954-8A03-ADF230E3ADB9}.MinSizeRel|x64.ActiveCfg = MinSizeRel|x64
		{DF33748A-220B-3954-8A03-ADF230E3ADB9}.MinSizeRel|x64.Build.0 = MinSizeRel|x64
		{DF33748A-220B-3954-8A03-ADF230E3ADB9}.RelWithDebInfo|x64.ActiveCfg = RelWithDebInfo|x64
		{DF33748A-220B-3954-8A03-ADF230E3ADB9}.RelWithDebInfo|x64.Build.0 = RelWithDebInfo|x64
		{4C6C7817-FE5A-3F34-BAE7-00E8C0F94931}.Debug|x64.ActiveCfg = Debug|x64
		{4C6C7817-FE5A-3F34-BAE7-00E8C0F94931}.Debug|x64.Build.0 = Debug|x64
		{4C6C7817-FE5A-3F34-BAE7-00E8C0F94931}.Release|x64.ActiveCfg = Release|x64
		{4C6C7817-FE5A-3F34-BAE7-00E8C0F94931}.Release|x64.Build.0 = Release|x64
		{4C6C7817-FE5A-3F34-BAE7-00E8C0F94931}.MinSizeRel|x64.ActiveCfg = MinSizeRel|x64
		{4C6C7817-FE5A-3F34-BAE7-00E8C0F94931}.MinSizeRel|x64.Build.0 = MinSizeRel|x64
		{4C6C7817-FE5A-3F34-BAE7-00E8C0F94931}.RelWithDebInfo|x64.ActiveCfg = RelWithDebInfo|x64
		{4C6C7817-FE5A-3F34-BAE7-00E8C0F94931}.RelWithDebInfo|x64.Build.0 = RelWithDebInfo|x64
		{443EE872-3B73-305A-92BC-B52A9C302EC7}.Debug|x64.ActiveCfg = Debug|x64
		{443EE872-3B73-305A-92BC-B52A9C302EC7}.Debug|x64.Build.0 = Debug|x64
		{443EE872-3B73-305A-92BC-B52A9C302EC7}.Release|x64.ActiveCfg = Release|x64
		{443EE872-3B73-305A-92BC-B52A9C302EC7}.Release|x64.Build.0 = Release|x64
		{443EE872-3B73-305A-92BC-B52A9C302EC7}.MinSizeRel|x64.ActiveCfg = MinSizeRel|x64
		{443EE872-3B73-305A-92BC-B52A9C302EC7}.MinSizeRel|x64.Build.0 = MinSizeRel|x64
		{443EE872-3B73-305A-92BC-B52A9C302EC7}.RelWithDebInfo|x64.ActiveCfg = RelWithDebInfo|x64
		{443EE872-3B73-305A-92BC-B52A9C302EC7}.RelWithDebInfo|x64.Build.0 = RelWithDebInfo|x64
		{13CA1C76-10F5-3D8D-9156-62E59A81A2AE}.Debug|x64.ActiveCfg = Debug|x64
		{13CA1C76-10F5-3D8D-9156-62E59A81A2AE}.Debug|x64.Build.0 = Debug|x64
		{13CA1C76-10F5-3D8D-9156-62E59A81A2AE}.Release|x64.ActiveCfg = Release|x64
		{13CA1C76-10F5-3D8D-9156-62E59A81A2AE}.Release|x64.Build.0 = Release|x64
		{13CA1C76-10F5-3D8D-9156-62E59A81A2AE}.MinSizeRel|x64.ActiveCfg = MinSizeRel|x64
		{13CA1C76-10F5-3D8D-9156-62E59A81A2AE}.MinSizeRel|x64.Build.0 = MinSizeRel|x64
		{13CA1C76-10F5-3D8D-9156-62E59A81A2AE}.RelWithDebInfo|x64.ActiveCfg = RelWithDebInfo|x64
		{13CA1C76-10F5-3D8D-9156-62E59A81A2AE}.RelWithDebInfo|x64.Build.0 = RelWithDebInfo|x64
	EndGlobalSection
	GlobalSection(ExtensibilityGlobals) = postSolution
		SolutionGuid = {C6D68AF9-907E-3903-8B4A-C4F5139D84A6}
	EndGlobalSection
	GlobalSection(ExtensibilityAddIns) = postSolution
	EndGlobalSection
EndGlobal
